
Microsoft Visual Studio Solution File, Format Version 12.00
# Visual Studio Version 16
VisualStudioVersion = 16.0.32228.343
MinimumVisualStudioVersion = 10.0.40219.1
Project("{FAE04EC0-301F-11D3-BF4B-00C04F79EFBC}") = "CRUD", "CRUD\CRUD.csproj", "{0B639336-D3FF-4195-931C-A2A9D3790ADD}"
EndProject
Global
	GlobalSection(SolutionConfigurationPlatforms) = preSolution
		Debug|Any CPU = Debug|Any CPU
		Release|Any CPU = Release|Any CPU
	EndGlobalSection
	GlobalSection(ProjectConfigurationPlatforms) = postSolution
		{0B639336-D3FF-4195-931C-A2A9D3790ADD}.Debug|Any CPU.ActiveCfg = Debug|Any CPU
		{0B639336-D3FF-4195-931C-A2A9D3790ADD}.Debug|Any CPU.Build.0 = Debug|Any CPU
		{0B639336-D3FF-4195-931C-A2A9D3790ADD}.Release|Any CPU.ActiveCfg = Release|Any CPU
		{0B639336-D3FF-4195-931C-A2A9D3790ADD}.Release|Any CPU.Build.0 = Release|Any CPU
	EndGlobalSection
	GlobalSection(SolutionProperties) = preSolution
		HideSolutionNode = FALSE
	EndGlobalSection
	GlobalSection(ExtensibilityGlobals) = postSolution
		SolutionGuid = {7A28E354-3BA5-4515-9571-BABC624175B8}
	EndGlobalSection
EndGlobal
